// !$*UTF8*$!
{
	archiveVersion = 1;
	classes = {
	};
	objectVersion = 56;
	objects = {

/* Begin PBXBuildFile section */
		66371C3C298EACC80060B42A /* TimeLine.swift in Sources */ = {isa = PBXBuildFile; fileRef = 66371C3B298EACC80060B42A /* TimeLine.swift */; };
		66371C3E298EAD940060B42A /* File.swift in Sources */ = {isa = PBXBuildFile; fileRef = 66371C3D298EAD940060B42A /* File.swift */; };
		66371C41298FBC060060B42A /* OkashiData.swift in Sources */ = {isa = PBXBuildFile; fileRef = 66371C40298FBC060060B42A /* OkashiData.swift */; };
		66599B332993A68300987AC9 /* Stores.swift in Sources */ = {isa = PBXBuildFile; fileRef = 66599B322993A68300987AC9 /* Stores.swift */; };
		66941E792999418C00B6B8D3 /* NavigationView.swift in Sources */ = {isa = PBXBuildFile; fileRef = 66941E782999418C00B6B8D3 /* NavigationView.swift */; };
		66B14B6E298EA623002D9745 /* shoku_ver2App.swift in Sources */ = {isa = PBXBuildFile; fileRef = 66B14B6D298EA623002D9745 /* shoku_ver2App.swift */; };
		66B14B70298EA623002D9745 /* ContentView.swift in Sources */ = {isa = PBXBuildFile; fileRef = 66B14B6F298EA623002D9745 /* ContentView.swift */; };
		66B14B72298EA625002D9745 /* Assets.xcassets in Resources */ = {isa = PBXBuildFile; fileRef = 66B14B71298EA625002D9745 /* Assets.xcassets */; };
		66B14B75298EA625002D9745 /* Preview Assets.xcassets in Resources */ = {isa = PBXBuildFile; fileRef = 66B14B74298EA625002D9745 /* Preview Assets.xcassets */; };
		66B14B7C298EA6A1002D9745 /* StoryView.swift in Sources */ = {isa = PBXBuildFile; fileRef = 66B14B7B298EA6A1002D9745 /* StoryView.swift */; };
		66B14B7F298EA6E7002D9745 /* Food.swift in Sources */ = {isa = PBXBuildFile; fileRef = 66B14B7E298EA6E7002D9745 /* Food.swift */; };
/* End PBXBuildFile section */

/* Begin PBXFileReference section */
		66371C3B298EACC80060B42A /* TimeLine.swift */ = {isa = PBXFileReference; lastKnownFileType = sourcecode.swift; path = TimeLine.swift; sourceTree = "<group>"; };
		66371C3D298EAD940060B42A /* File.swift */ = {isa = PBXFileReference; lastKnownFileType = sourcecode.swift; path = File.swift; sourceTree = "<group>"; };
		66371C40298FBC060060B42A /* OkashiData.swift */ = {isa = PBXFileReference; lastKnownFileType = sourcecode.swift; path = OkashiData.swift; sourceTree = "<group>"; };
		66599B322993A68300987AC9 /* Stores.swift */ = {isa = PBXFileReference; lastKnownFileType = sourcecode.swift; path = Stores.swift; sourceTree = "<group>"; };
		66941E782999418C00B6B8D3 /* NavigationView.swift */ = {isa = PBXFileReference; lastKnownFileType = sourcecode.swift; path = NavigationView.swift; sourceTree = "<group>"; };
		66B14B6A298EA623002D9745 /* shoku_ver2.app */ = {isa = PBXFileReference; explicitFileType = wrapper.application; includeInIndex = 0; path = shoku_ver2.app; sourceTree = BUILT_PRODUCTS_DIR; };
		66B14B6D298EA623002D9745 /* shoku_ver2App.swift */ = {isa = PBXFileReference; lastKnownFileType = sourcecode.swift; path = shoku_ver2App.swift; sourceTree = "<group>"; };
		66B14B6F298EA623002D9745 /* ContentView.swift */ = {isa = PBXFileReference; lastKnownFileType = sourcecode.swift; path = ContentView.swift; sourceTree = "<group>"; };
		66B14B71298EA625002D9745 /* Assets.xcassets */ = {isa = PBXFileReference; lastKnownFileType = folder.assetcatalog; path = Assets.xcassets; sourceTree = "<group>"; };
		66B14B74298EA625002D9745 /* Preview Assets.xcassets */ = {isa = PBXFileReference; lastKnownFileType = folder.assetcatalog; path = "Preview Assets.xcassets"; sourceTree = "<group>"; };
		66B14B7B298EA6A1002D9745 /* StoryView.swift */ = {isa = PBXFileReference; lastKnownFileType = sourcecode.swift; path = StoryView.swift; sourceTree = "<group>"; };
		66B14B7E298EA6E7002D9745 /* Food.swift */ = {isa = PBXFileReference; lastKnownFileType = sourcecode.swift; path = Food.swift; sourceTree = "<group>"; };
/* End PBXFileReference section */

/* Begin PBXFrameworksBuildPhase section */
		66B14B67298EA623002D9745 /* Frameworks */ = {
			isa = PBXFrameworksBuildPhase;
			buildActionMask = 2147483647;
			files = (
			);
			runOnlyForDeploymentPostprocessing = 0;
		};
/* End PBXFrameworksBuildPhase section */

/* Begin PBXGroup section */
		66371C3A298EACA10060B42A /* Instagram */ = {
			isa = PBXGroup;
			children = (
				66B14B7B298EA6A1002D9745 /* StoryView.swift */,
				66371C3B298EACC80060B42A /* TimeLine.swift */,
				66941E7A2999419000B6B8D3 /* Navogation */,
			);
			path = Instagram;
			sourceTree = "<group>";
		};
		66371C3F298FBBD00060B42A /* DataUse */ = {
			isa = PBXGroup;
			children = (
				66B14B6F298EA623002D9745 /* ContentView.swift */,
				66371C40298FBC060060B42A /* OkashiData.swift */,
			);
			path = DataUse;
			sourceTree = "<group>";
		};
		66941E7A2999419000B6B8D3 /* Navogation */ = {
			isa = PBXGroup;
			children = (
				66941E782999418C00B6B8D3 /* NavigationView.swift */,
			);
			path = Navogation;
			sourceTree = "<group>";
		};
		66B14B61298EA623002D9745 = {
			isa = PBXGroup;
			children = (
				66B14B6C298EA623002D9745 /* shoku_ver2 */,
				66B14B6B298EA623002D9745 /* Products */,
			);
			sourceTree = "<group>";
		};
		66B14B6B298EA623002D9745 /* Products */ = {
			isa = PBXGroup;
			children = (
				66B14B6A298EA623002D9745 /* shoku_ver2.app */,
			);
			name = Products;
			sourceTree = "<group>";
		};
		66B14B6C298EA623002D9745 /* shoku_ver2 */ = {
			isa = PBXGroup;
			children = (
				66B14B6D298EA623002D9745 /* shoku_ver2App.swift */,
				66371C3F298FBBD00060B42A /* DataUse */,
				66371C3A298EACA10060B42A /* Instagram */,
				66B14B7D298EA6CD002D9745 /* Model */,
				66B14B71298EA625002D9745 /* Assets.xcassets */,
				66B14B73298EA625002D9745 /* Preview Content */,
			);
			path = shoku_ver2;
			sourceTree = "<group>";
		};
		66B14B73298EA625002D9745 /* Preview Content */ = {
			isa = PBXGroup;
			children = (
				66B14B74298EA625002D9745 /* Preview Assets.xcassets */,
			);
			path = "Preview Content";
			sourceTree = "<group>";
		};
		66B14B7D298EA6CD002D9745 /* Model */ = {
			isa = PBXGroup;
			children = (
				66B14B7E298EA6E7002D9745 /* Food.swift */,
				66371C3D298EAD940060B42A /* File.swift */,
				66599B322993A68300987AC9 /* Stores.swift */,
			);
			path = Model;
			sourceTree = "<group>";
		};
/* End PBXGroup section */

/* Begin PBXNativeTarget section */
		66B14B69298EA623002D9745 /* shoku_ver2 */ = {
			isa = PBXNativeTarget;
			buildConfigurationList = 66B14B78298EA625002D9745 /* Build configuration list for PBXNativeTarget "shoku_ver2" */;
			buildPhases = (
				66B14B66298EA623002D9745 /* Sources */,
				66B14B67298EA623002D9745 /* Frameworks */,
				66B14B68298EA623002D9745 /* Resources */,
			);
			buildRules = (
			);
			dependencies = (
			);
			name = shoku_ver2;
			productName = shoku_ver2;
			productReference = 66B14B6A298EA623002D9745 /* shoku_ver2.app */;
			productType = "com.apple.product-type.application";
		};
/* End PBXNativeTarget section */

/* Begin PBXProject section */
		66B14B62298EA623002D9745 /* Project object */ = {
			isa = PBXProject;
			attributes = {
				BuildIndependentTargetsInParallel = 1;
				LastSwiftUpdateCheck = 1420;
				LastUpgradeCheck = 1420;
				TargetAttributes = {
					66B14B69298EA623002D9745 = {
						CreatedOnToolsVersion = 14.2;
					};
				};
			};
			buildConfigurationList = 66B14B65298EA623002D9745 /* Build configuration list for PBXProject "shoku_ver2" */;
			compatibilityVersion = "Xcode 14.0";
			developmentRegion = en;
			hasScannedForEncodings = 0;
			knownRegions = (
				en,
				Base,
			);
			mainGroup = 66B14B61298EA623002D9745;
			productRefGroup = 66B14B6B298EA623002D9745 /* Products */;
			projectDirPath = "";
			projectRoot = "";
			targets = (
				66B14B69298EA623002D9745 /* shoku_ver2 */,
			);
		};
/* End PBXProject section */

/* Begin PBXResourcesBuildPhase section */
		66B14B68298EA623002D9745 /* Resources */ = {
			isa = PBXResourcesBuildPhase;
			buildActionMask = 2147483647;
			files = (
				66B14B75298EA625002D9745 /* Preview Assets.xcassets in Resources */,
				66B14B72298EA625002D9745 /* Assets.xcassets in Resources */,
			);
			runOnlyForDeploymentPostprocessing = 0;
		};
/* End PBXResourcesBuildPhase section */

/* Begin PBXSourcesBuildPhase section */
		66B14B66298EA623002D9745 /* Sources */ = {
			isa = PBXSourcesBuildPhase;
			buildActionMask = 2147483647;
			files = (
				66371C3C298EACC80060B42A /* TimeLine.swift in Sources */,
				66941E792999418C00B6B8D3 /* NavigationView.swift in Sources */,
				66371C3E298EAD940060B42A /* File.swift in Sources */,
				66371C41298FBC060060B42A /* OkashiData.swift in Sources */,
				66B14B7C298EA6A1002D9745 /* StoryView.swift in Sources */,
				66B14B7F298EA6E7002D9745 /* Food.swift in Sources */,
				66B14B70298EA623002D9745 /* ContentView.swift in Sources */,
				66B14B6E298EA623002D9745 /* shoku_ver2App.swift in Sources */,
				66599B332993A68300987AC9 /* Stores.swift in Sources */,
			);
			runOnlyForDeploymentPostprocessing = 0;
		};
/* End PBXSourcesBuildPhase section */

/* Begin XCBuildConfiguration section */
		66B14B76298EA625002D9745 /* Debug */ = {
			isa = XCBuildConfiguration;
			buildSettings = {
				ALWAYS_SEARCH_USER_PATHS = NO;
				CLANG_ANALYZER_NONNULL = YES;
				CLANG_ANALYZER_NUMBER_OBJECT_CONVERSION = YES_AGGRESSIVE;
				CLANG_CXX_LANGUAGE_STANDARD = "gnu++20";
				CLANG_ENABLE_MODULES = YES;
				CLANG_ENABLE_OBJC_ARC = YES;
				CLANG_ENABLE_OBJC_WEAK = YES;
				CLANG_WARN_BLOCK_CAPTURE_AUTORELEASING = YES;
				CLANG_WARN_BOOL_CONVERSION = YES;
				CLANG_WARN_COMMA = YES;
				CLANG_WARN_CONSTANT_CONVERSION = YES;
				CLANG_WARN_DEPRECATED_OBJC_IMPLEMENTATIONS = YES;
				CLANG_WARN_DIRECT_OBJC_ISA_USAGE = YES_ERROR;
				CLANG_WARN_DOCUMENTATION_COMMENTS = YES;
				CLANG_WARN_EMPTY_BODY = YES;
				CLANG_WARN_ENUM_CONVERSION = YES;
				CLANG_WARN_INFINITE_RECURSION = YES;
				CLANG_WARN_INT_CONVERSION = YES;
				CLANG_WARN_NON_LITERAL_NULL_CONVERSION = YES;
				CLANG_WARN_OBJC_IMPLICIT_RETAIN_SELF = YES;
				CLANG_WARN_OBJC_LITERAL_CONVERSION = YES;
				CLANG_WARN_OBJC_ROOT_CLASS = YES_ERROR;
				CLANG_WARN_QUOTED_INCLUDE_IN_FRAMEWORK_HEADER = YES;
				CLANG_WARN_RANGE_LOOP_ANALYSIS = YES;
				CLANG_WARN_STRICT_PROTOTYPES = YES;
				CLANG_WARN_SUSPICIOUS_MOVE = YES;
				CLANG_WARN_UNGUARDED_AVAILABILITY = YES_AGGRESSIVE;
				CLANG_WARN_UNREACHABLE_CODE = YES;
				CLANG_WARN__DUPLICATE_METHOD_MATCH = YES;
				COPY_PHASE_STRIP = NO;
				DEBUG_INFORMATION_FORMAT = dwarf;
				ENABLE_STRICT_OBJC_MSGSEND = YES;
				ENABLE_TESTABILITY = YES;
				GCC_C_LANGUAGE_STANDARD = gnu11;
				GCC_DYNAMIC_NO_PIC = NO;
				GCC_NO_COMMON_BLOCKS = YES;
				GCC_OPTIMIZATION_LEVEL = 0;
				GCC_PREPROCESSOR_DEFINITIONS = (
					"DEBUG=1",
					"$(inherited)",
				);
				GCC_WARN_64_TO_32_BIT_CONVERSION = YES;
				GCC_WARN_ABOUT_RETURN_TYPE = YES_ERROR;
				GCC_WARN_UNDECLARED_SELECTOR = YES;
				GCC_WARN_UNINITIALIZED_AUTOS = YES_AGGRESSIVE;
				GCC_WARN_UNUSED_FUNCTION = YES;
				GCC_WARN_UNUSED_VARIABLE = YES;
				IPHONEOS_DEPLOYMENT_TARGET = 16.2;
				MTL_ENABLE_DEBUG_INFO = INCLUDE_SOURCE;
				MTL_FAST_MATH = YES;
				ONLY_ACTIVE_ARCH = YES;
				SDKROOT = iphoneos;
				SWIFT_ACTIVE_COMPILATION_CONDITIONS = DEBUG;
				SWIFT_OPTIMIZATION_LEVEL = "-Onone";
			};
			name = Debug;
		};
		66B14B77298EA625002D9745 /* Release */ = {
			isa = XCBuildConfiguration;
			buildSettings = {
				ALWAYS_SEARCH_USER_PATHS = NO;
				CLANG_ANALYZER_NONNULL = YES;
				CLANG_ANALYZER_NUMBER_OBJECT_CONVERSION = YES_AGGRESSIVE;
				CLANG_CXX_LANGUAGE_STANDARD = "gnu++20";
				CLANG_ENABLE_MODULES = YES;
				CLANG_ENABLE_OBJC_ARC = YES;
				CLANG_ENABLE_OBJC_WEAK = YES;
				CLANG_WARN_BLOCK_CAPTURE_AUTORELEASING = YES;
				CLANG_WARN_BOOL_CONVERSION = YES;
				CLANG_WARN_COMMA = YES;
				CLANG_WARN_CONSTANT_CONVERSION = YES;
				CLANG_WARN_DEPRECATED_OBJC_IMPLEMENTATIONS = YES;
				CLANG_WARN_DIRECT_OBJC_ISA_USAGE = YES_ERROR;
				CLANG_WARN_DOCUMENTATION_COMMENTS = YES;
				CLANG_WARN_EMPTY_BODY = YES;
				CLANG_WARN_ENUM_CONVERSION = YES;
				CLANG_WARN_INFINITE_RECURSION = YES;
				CLANG_WARN_INT_CONVERSION = YES;
				CLANG_WARN_NON_LITERAL_NULL_CONVERSION = YES;
				CLANG_WARN_OBJC_IMPLICIT_RETAIN_SELF = YES;
				CLANG_WARN_OBJC_LITERAL_CONVERSION = YES;
				CLANG_WARN_OBJC_ROOT_CLASS = YES_ERROR;
				CLANG_WARN_QUOTED_INCLUDE_IN_FRAMEWORK_HEADER = YES;
				CLANG_WARN_RANGE_LOOP_ANALYSIS = YES;
				CLANG_WARN_STRICT_PROTOTYPES = YES;
				CLANG_WARN_SUSPICIOUS_MOVE = YES;
				CLANG_WARN_UNGUARDED_AVAILABILITY = YES_AGGRESSIVE;
				CLANG_WARN_UNREACHABLE_CODE = YES;
				CLANG_WARN__DUPLICATE_METHOD_MATCH = YES;
				COPY_PHASE_STRIP = NO;
				DEBUG_INFORMATION_FORMAT = "dwarf-with-dsym";
				ENABLE_NS_ASSERTIONS = NO;
				ENABLE_STRICT_OBJC_MSGSEND = YES;
				GCC_C_LANGUAGE_STANDARD = gnu11;
				GCC_NO_COMMON_BLOCKS = YES;
				GCC_WARN_64_TO_32_BIT_CONVERSION = YES;
				GCC_WARN_ABOUT_RETURN_TYPE = YES_ERROR;
				GCC_WARN_UNDECLARED_SELECTOR = YES;
				GCC_WARN_UNINITIALIZED_AUTOS = YES_AGGRESSIVE;
				GCC_WARN_UNUSED_FUNCTION = YES;
				GCC_WARN_UNUSED_VARIABLE = YES;
				IPHONEOS_DEPLOYMENT_TARGET = 16.2;
				MTL_ENABLE_DEBUG_INFO = NO;
				MTL_FAST_MATH = YES;
				SDKROOT = iphoneos;
				SWIFT_COMPILATION_MODE = wholemodule;
				SWIFT_OPTIMIZATION_LEVEL = "-O";
				VALIDATE_PRODUCT = YES;
			};
			name = Release;
		};
		66B14B79298EA625002D9745 /* Debug */ = {
			isa = XCBuildConfiguration;
			buildSettings = {
				ASSETCATALOG_COMPILER_APPICON_NAME = AppIcon;
				ASSETCATALOG_COMPILER_GLOBAL_ACCENT_COLOR_NAME = AccentColor;
				CODE_SIGN_STYLE = Automatic;
				CURRENT_PROJECT_VERSION = 1;
				DEVELOPMENT_ASSET_PATHS = "\"shoku_ver2/Preview Content\"";
				DEVELOPMENT_TEAM = XXK8Z2DKLA;
				ENABLE_PREVIEWS = YES;
				GENERATE_INFOPLIST_FILE = YES;
				INFOPLIST_KEY_UIApplicationSceneManifest_Generation = YES;
				INFOPLIST_KEY_UIApplicationSupportsIndirectInputEvents = YES;
				INFOPLIST_KEY_UILaunchScreen_Generation = YES;
				INFOPLIST_KEY_UISupportedInterfaceOrientations_iPad = "UIInterfaceOrientationPortrait UIInterfaceOrientationPortraitUpsideDown UIInterfaceOrientationLandscapeLeft UIInterfaceOrientationLandscapeRight";
				INFOPLIST_KEY_UISupportedInterfaceOrientations_iPhone = "UIInterfaceOrientationPortrait UIInterfaceOrientationLandscapeLeft UIInterfaceOrientationLandscapeRight";
				LD_RUNPATH_SEARCH_PATHS = (
					"$(inherited)",
					"@executable_path/Frameworks",
				);
				MARKETING_VERSION = 1.0;
				PRODUCT_BUNDLE_IDENTIFIER = "mirzam.shoku-ver2";
				PRODUCT_NAME = "$(TARGET_NAME)";
				SWIFT_EMIT_LOC_STRINGS = YES;
				SWIFT_VERSION = 5.0;
				TARGETED_DEVICE_FAMILY = "1,2";
			};
			name = Debug;
		};
		66B14B7A298EA625002D9745 /* Release */ = {
			isa = XCBuildConfiguration;
			buildSettings = {
				ASSETCATALOG_COMPILER_APPICON_NAME = AppIcon;
				ASSETCATALOG_COMPILER_GLOBAL_ACCENT_COLOR_NAME = AccentColor;
				CODE_SIGN_STYLE = Automatic;
				CURRENT_PROJECT_VERSION = 1;
				DEVELOPMENT_ASSET_PATHS = "\"shoku_ver2/Preview Content\"";
				DEVELOPMENT_TEAM = XXK8Z2DKLA;
				ENABLE_PREVIEWS = YES;
				GENERATE_INFOPLIST_FILE = YES;
				INFOPLIST_KEY_UIApplicationSceneManifest_Generation = YES;
				INFOPLIST_KEY_UIApplicationSupportsIndirectInputEvents = YES;
				INFOPLIST_KEY_UILaunchScreen_Generation = YES;
				INFOPLIST_KEY_UISupportedInterfaceOrientations_iPad = "UIInterfaceOrientationPortrait UIInterfaceOrientationPortraitUpsideDown UIInterfaceOrientationLandscapeLeft UIInterfaceOrientationLandscapeRight";
				INFOPLIST_KEY_UISupportedInterfaceOrientations_iPhone = "UIInterfaceOrientationPortrait UIInterfaceOrientationLandscapeLeft UIInterfaceOrientationLandscapeRight";
				LD_RUNPATH_SEARCH_PATHS = (
					"$(inherited)",
					"@executable_path/Frameworks",
				);
				MARKETING_VERSION = 1.0;
				PRODUCT_BUNDLE_IDENTIFIER = "mirzam.shoku-ver2";
				PRODUCT_NAME = "$(TARGET_NAME)";
				SWIFT_EMIT_LOC_STRINGS = YES;
				SWIFT_VERSION = 5.0;
				TARGETED_DEVICE_FAMILY = "1,2";
			};
			name = Release;
		};
/* End XCBuildConfiguration section */

/* Begin XCConfigurationList section */
		66B14B65298EA623002D9745 /* Build configuration list for PBXProject "shoku_ver2" */ = {
			isa = XCConfigurationList;
			buildConfigurations = (
				66B14B76298EA625002D9745 /* Debug */,
				66B14B77298EA625002D9745 /* Release */,
			);
			defaultConfigurationIsVisible = 0;
			defaultConfigurationName = Release;
		};
		66B14B78298EA625002D9745 /* Build configuration list for PBXNativeTarget "shoku_ver2" */ = {
			isa = XCConfigurationList;
			buildConfigurations = (
				66B14B79298EA625002D9745 /* Debug */,
				66B14B7A298EA625002D9745 /* Release */,
			);
			defaultConfigurationIsVisible = 0;
			defaultConfigurationName = Release;
		};
/* End XCConfigurationList section */
	};
	rootObject = 66B14B62298EA623002D9745 /* Project object */;
}
